
Microsoft Visual Studio Solution File, Format Version 11.00
# Visual Studio 2010
Project("{FAE04EC0-301F-11D3-BF4B-00C04F79EFBC}") = "Publisher", "Publisher\Publisher.csproj", "{4269C8D6-367D-441B-9763-9E562F0E0417}"
EndProject
Project("{FAE04EC0-301F-11D3-BF4B-00C04F79EFBC}") = "Messages", "Messages\Messages.csproj", "{B50814D6-8C76-4D37-9B69-1189CBEB6167}"
EndProject
Project("{FAE04EC0-301F-11D3-BF4B-00C04F79EFBC}") = "Consumer.Shared", "Consumer.Shared\Consumer.Shared.csproj", "{EE4586B1-69F9-4469-BF93-FF3716697F57}"
EndProject
Project("{FAE04EC0-301F-11D3-BF4B-00C04F79EFBC}") = "Consumer1", "Consumer1\Consumer1.csproj", "{C5D0B066-CCE6-4D05-BFDB-47F55EE20F3A}"
EndProject
Project("{2150E333-8FDC-42A3-9474-1A3956D46DE8}") = ".nuget", ".nuget", "{4D9D670A-777E-43DE-8D39-F51C388CE30E}"
	ProjectSection(SolutionItems) = preProject
		.nuget\NuGet.Config = .nuget\NuGet.Config
		.nuget\NuGet.exe = .nuget\NuGet.exe
		.nuget\NuGet.targets = .nuget\NuGet.targets
	EndProjectSection
EndProject
Project("{FAE04EC0-301F-11D3-BF4B-00C04F79EFBC}") = "Publisher.Shared", "Publisher.Shared\Publisher.Shared.csproj", "{06E8D140-6773-4FB2-827D-D92DEFFF7581}"
EndProject
Project("{2150E333-8FDC-42A3-9474-1A3956D46DE8}") = "Publisher Projects", "Publisher Projects", "{4F9E5C14-B18C-4E18-A723-E02A39B41AC6}"
EndProject
Global
	GlobalSection(SolutionConfigurationPlatforms) = preSolution
		Debug|Any CPU = Debug|Any CPU
		Debug|Mixed Platforms = Debug|Mixed Platforms
		Debug|x86 = Debug|x86
		Release|Any CPU = Release|Any CPU
		Release|Mixed Platforms = Release|Mixed Platforms
		Release|x86 = Release|x86
	EndGlobalSection
	GlobalSection(ProjectConfigurationPlatforms) = postSolution
		{4269C8D6-367D-441B-9763-9E562F0E0417}.Debug|Any CPU.ActiveCfg = Debug|x86
		{4269C8D6-367D-441B-9763-9E562F0E0417}.Debug|Mixed Platforms.ActiveCfg = Debug|x86
		{4269C8D6-367D-441B-9763-9E562F0E0417}.Debug|Mixed Platforms.Build.0 = Debug|x86
		{4269C8D6-367D-441B-9763-9E562F0E0417}.Debug|x86.ActiveCfg = Debug|x86
		{4269C8D6-367D-441B-9763-9E562F0E0417}.Debug|x86.Build.0 = Debug|x86
		{4269C8D6-367D-441B-9763-9E562F0E0417}.Release|Any CPU.ActiveCfg = Release|x86
		{4269C8D6-367D-441B-9763-9E562F0E0417}.Release|Mixed Platforms.ActiveCfg = Release|x86
		{4269C8D6-367D-441B-9763-9E562F0E0417}.Release|Mixed Platforms.Build.0 = Release|x86
		{4269C8D6-367D-441B-9763-9E562F0E0417}.Release|x86.ActiveCfg = Release|x86
		{4269C8D6-367D-441B-9763-9E562F0E0417}.Release|x86.Build.0 = Release|x86
		{B50814D6-8C76-4D37-9B69-1189CBEB6167}.Debug|Any CPU.ActiveCfg = Debug|Any CPU
		{B50814D6-8C76-4D37-9B69-1189CBEB6167}.Debug|Any CPU.Build.0 = Debug|Any CPU
		{B50814D6-8C76-4D37-9B69-1189CBEB6167}.Debug|Mixed Platforms.ActiveCfg = Debug|Any CPU
		{B50814D6-8C76-4D37-9B69-1189CBEB6167}.Debug|Mixed Platforms.Build.0 = Debug|Any CPU
		{B50814D6-8C76-4D37-9B69-1189CBEB6167}.Debug|x86.ActiveCfg = Debug|Any CPU
		{B50814D6-8C76-4D37-9B69-1189CBEB6167}.Release|Any CPU.ActiveCfg = Release|Any CPU
		{B50814D6-8C76-4D37-9B69-1189CBEB6167}.Release|Any CPU.Build.0 = Release|Any CPU
		{B50814D6-8C76-4D37-9B69-1189CBEB6167}.Release|Mixed Platforms.ActiveCfg = Release|Any CPU
		{B50814D6-8C76-4D37-9B69-1189CBEB6167}.Release|Mixed Platforms.Build.0 = Release|Any CPU
		{B50814D6-8C76-4D37-9B69-1189CBEB6167}.Release|x86.ActiveCfg = Release|Any CPU
		{EE4586B1-69F9-4469-BF93-FF3716697F57}.Debug|Any CPU.ActiveCfg = Debug|Any CPU
		{EE4586B1-69F9-4469-BF93-FF3716697F57}.Debug|Any CPU.Build.0 = Debug|Any CPU
		{EE4586B1-69F9-4469-BF93-FF3716697F57}.Debug|Mixed Platforms.ActiveCfg = Debug|Any CPU
		{EE4586B1-69F9-4469-BF93-FF3716697F57}.Debug|Mixed Platforms.Build.0 = Debug|Any CPU
		{EE4586B1-69F9-4469-BF93-FF3716697F57}.Debug|x86.ActiveCfg = Debug|Any CPU
		{EE4586B1-69F9-4469-BF93-FF3716697F57}.Release|Any CPU.ActiveCfg = Release|Any CPU
		{EE4586B1-69F9-4469-BF93-FF3716697F57}.Release|Any CPU.Build.0 = Release|Any CPU
		{EE4586B1-69F9-4469-BF93-FF3716697F57}.Release|Mixed Platforms.ActiveCfg = Release|Any CPU
		{EE4586B1-69F9-4469-BF93-FF3716697F57}.Release|Mixed Platforms.Build.0 = Release|Any CPU
		{EE4586B1-69F9-4469-BF93-FF3716697F57}.Release|x86.ActiveCfg = Release|Any CPU
		{C5D0B066-CCE6-4D05-BFDB-47F55EE20F3A}.Debug|Any CPU.ActiveCfg = Debug|x86
		{C5D0B066-CCE6-4D05-BFDB-47F55EE20F3A}.Debug|Mixed Platforms.ActiveCfg = Debug|x86
		{C5D0B066-CCE6-4D05-BFDB-47F55EE20F3A}.Debug|Mixed Platforms.Build.0 = Debug|x86
		{C5D0B066-CCE6-4D05-BFDB-47F55EE20F3A}.Debug|x86.ActiveCfg = Debug|x86
		{C5D0B066-CCE6-4D05-BFDB-47F55EE20F3A}.Debug|x86.Build.0 = Debug|x86
		{C5D0B066-CCE6-4D05-BFDB-47F55EE20F3A}.Release|Any CPU.ActiveCfg = Release|x86
		{C5D0B066-CCE6-4D05-BFDB-47F55EE20F3A}.Release|Mixed Platforms.ActiveCfg = Release|x86
		{C5D0B066-CCE6-4D05-BFDB-47F55EE20F3A}.Release|Mixed Platforms.Build.0 = Release|x86
		{C5D0B066-CCE6-4D05-BFDB-47F55EE20F3A}.Release|x86.ActiveCfg = Release|x86
		{C5D0B066-CCE6-4D05-BFDB-47F55EE20F3A}.Release|x86.Build.0 = Release|x86
		{06E8D140-6773-4FB2-827D-D92DEFFF7581}.Debug|Any CPU.ActiveCfg = Debug|Any CPU
		{06E8D140-6773-4FB2-827D-D92DEFFF7581}.Debug|Any CPU.Build.0 = Debug|Any CPU
		{06E8D140-6773-4FB2-827D-D92DEFFF7581}.Debug|Mixed Platforms.ActiveCfg = Debug|Any CPU
		{06E8D140-6773-4FB2-827D-D92DEFFF7581}.Debug|Mixed Platforms.Build.0 = Debug|Any CPU
		{06E8D140-6773-4FB2-827D-D92DEFFF7581}.Debug|x86.ActiveCfg = Debug|Any CPU
		{06E8D140-6773-4FB2-827D-D92DEFFF7581}.Release|Any CPU.ActiveCfg = Release|Any CPU
		{06E8D140-6773-4FB2-827D-D92DEFFF7581}.Release|Any CPU.Build.0 = Release|Any CPU
		{06E8D140-6773-4FB2-827D-D92DEFFF7581}.Release|Mixed Platforms.ActiveCfg = Release|Any CPU
		{06E8D140-6773-4FB2-827D-D92DEFFF7581}.Release|Mixed Platforms.Build.0 = Release|Any CPU
		{06E8D140-6773-4FB2-827D-D92DEFFF7581}.Release|x86.ActiveCfg = Release|Any CPU
	EndGlobalSection
	GlobalSection(SolutionProperties) = preSolution
		HideSolutionNode = FALSE
	EndGlobalSection
	GlobalSection(NestedProjects) = preSolution
		{06E8D140-6773-4FB2-827D-D92DEFFF7581} = {4F9E5C14-B18C-4E18-A723-E02A39B41AC6}
		{4269C8D6-367D-441B-9763-9E562F0E0417} = {4F9E5C14-B18C-4E18-A723-E02A39B41AC6}
	EndGlobalSection
EndGlobal
